
Microsoft Visual Studio Solution File, Format Version 12.00
# Visual Studio Version 17
VisualStudioVersion = 17.1.32319.34
MinimumVisualStudioVersion = 10.0.40219.1
Project("{9A19103F-16F7-4668-BE54-9A1E7A4F7556}") = "GrpcDotNetDemo.Server", "GrpcDotNetDemo.Server\GrpcDotNetDemo.Server.csproj", "{3753E67A-EC58-4B33-8995-76106E070A61}"
EndProject
Project("{9A19103F-16F7-4668-BE54-9A1E7A4F7556}") = "GrpcDotNetDemo.Contracts", "GrpcDotNetDemo.Contracts\GrpcDotNetDemo.Contracts.csproj", "{F5039002-CEB6-4CE7-A974-727C225C2F63}"
EndProject
Project("{FAE04EC0-301F-11D3-BF4B-00C04F79EFBC}") = "GrpcDotNetDemo.Client", "GrpcDotNetDemo.Client\GrpcDotNetDemo.Client.csproj", "{4FD8D7D0-1F94-456A-81ED-84C621F936DB}"
EndProject
Global
	GlobalSection(SolutionConfigurationPlatforms) = preSolution
		Debug|Any CPU = Debug|Any CPU
		Release|Any CPU = Release|Any CPU
	EndGlobalSection
	GlobalSection(ProjectConfigurationPlatforms) = postSolution
		{3753E67A-EC58-4B33-8995-76106E070A61}.Debug|Any CPU.ActiveCfg = Debug|Any CPU
		{3753E67A-EC58-4B33-8995-76106E070A61}.Debug|Any CPU.Build.0 = Debug|Any CPU
		{3753E67A-EC58-4B33-8995-76106E070A61}.Release|Any CPU.ActiveCfg = Release|Any CPU
		{3753E67A-EC58-4B33-8995-76106E070A61}.Release|Any CPU.Build.0 = Release|Any CPU
		{F5039002-CEB6-4CE7-A974-727C225C2F63}.Debug|Any CPU.ActiveCfg = Debug|Any CPU
		{F5039002-CEB6-4CE7-A974-727C225C2F63}.Debug|Any CPU.Build.0 = Debug|Any CPU
		{F5039002-CEB6-4CE7-A974-727C225C2F63}.Release|Any CPU.ActiveCfg = Release|Any CPU
		{F5039002-CEB6-4CE7-A974-727C225C2F63}.Release|Any CPU.Build.0 = Release|Any CPU
		{4FD8D7D0-1F94-456A-81ED-84C621F936DB}.Debug|Any CPU.ActiveCfg = Debug|Any CPU
		{4FD8D7D0-1F94-456A-81ED-84C621F936DB}.Debug|Any CPU.Build.0 = Debug|Any CPU
		{4FD8D7D0-1F94-456A-81ED-84C621F936DB}.Release|Any CPU.ActiveCfg = Release|Any CPU
		{4FD8D7D0-1F94-456A-81ED-84C621F936DB}.Release|Any CPU.Build.0 = Release|Any CPU
	EndGlobalSection
	GlobalSection(SolutionProperties) = preSolution
		HideSolutionNode = FALSE
	EndGlobalSection
	GlobalSection(ExtensibilityGlobals) = postSolution
		SolutionGuid = {7E9E1738-32E8-49F1-9EC4-75FF63316820}
	EndGlobalSection
EndGlobal
